
Microsoft Visual Studio Solution File, Format Version 11.00
# Visual Studio 2010
Project("{FAE04EC0-301F-11D3-BF4B-00C04F79EFBC}") = "ZennoLab.Emulation", "ZennoLab.Emulation.csproj", "{61768F24-D960-425B-BC0B-20AAC4833467}"
EndProject
Global
	GlobalSection(SolutionConfigurationPlatforms) = preSolution
		Debug|Any CPU = Debug|Any CPU
		Release|Any CPU = Release|Any CPU
	EndGlobalSection
	GlobalSection(ProjectConfigurationPlatforms) = postSolution
		{61768F24-D960-425B-BC0B-20AAC4833467}.Debug|Any CPU.ActiveCfg = Debug|Any CPU
		{61768F24-D960-425B-BC0B-20AAC4833467}.Debug|Any CPU.Build.0 = Debug|Any CPU
		{61768F24-D960-425B-BC0B-20AAC4833467}.Release|Any CPU.ActiveCfg = Release|Any CPU
		{61768F24-D960-425B-BC0B-20AAC4833467}.Release|Any CPU.Build.0 = Release|Any CPU
	EndGlobalSection
	GlobalSection(SolutionProperties) = preSolution
		HideSolutionNode = FALSE
	EndGlobalSection
EndGlobal
